Microsoft Visual Studio Solution File, Format Version 12.00
# Visual Studio Version 17
VisualStudioVersion = 17.5.2.0
MinimumVisualStudioVersion = 10.0.40219.1
Project("{FAE04EC0-301F-11D3-BF4B-00C04F79EFBC}") = "EnergyGuardian.App", "EnergyGuardian.App.csproj", "{46B85C84-E162-A126-17F8-F38780CED2FB}"
EndProject
Global
	GlobalSection(SolutionConfigurationPlatforms) = preSolution
		Debug|Any CPU = Debug|Any CPU
		Release|Any CPU = Release|Any CPU
	EndGlobalSection
	GlobalSection(ProjectConfigurationPlatforms) = postSolution
		{46B85C84-E162-A126-17F8-F38780CED2FB}.Debug|Any CPU.ActiveCfg = Debug|Any CPU
		{46B85C84-E162-A126-17F8-F38780CED2FB}.Debug|Any CPU.Build.0 = Debug|Any CPU
		{46B85C84-E162-A126-17F8-F38780CED2FB}.Release|Any CPU.ActiveCfg = Release|Any CPU
		{46B85C84-E162-A126-17F8-F38780CED2FB}.Release|Any CPU.Build.0 = Release|Any CPU
	EndGlobalSection
	GlobalSection(SolutionProperties) = preSolution
		HideSolutionNode = FALSE
	EndGlobalSection
	GlobalSection(ExtensibilityGlobals) = postSolution
		SolutionGuid = {1DB440F0-149D-4CD8-818E-5AA7E64FFA70}
	EndGlobalSection
EndGlobal
